
Microsoft Visual Studio Solution File, Format Version 12.00
# Visual Studio 15
VisualStudioVersion = 15.0.27703.2035
MinimumVisualStudioVersion = 10.0.40219.1
Project("{FAE04EC0-301F-11D3-BF4B-00C04F79EFBC}") = "CoreCheat CSGO Ver0_5", "CoreCheat CSGO Ver0_5\CoreCheat CSGO Ver0_5.csproj", "{B8E314E3-F92C-4904-A353-941D1658FA6A}"
EndProject
Global
	GlobalSection(SolutionConfigurationPlatforms) = preSolution
		Debug|Any CPU = Debug|Any CPU
		Release|Any CPU = Release|Any CPU
	EndGlobalSection
	GlobalSection(ProjectConfigurationPlatforms) = postSolution
		{B8E314E3-F92C-4904-A353-941D1658FA6A}.Debug|Any CPU.ActiveCfg = Debug|Any CPU
		{B8E314E3-F92C-4904-A353-941D1658FA6A}.Debug|Any CPU.Build.0 = Debug|Any CPU
		{B8E314E3-F92C-4904-A353-941D1658FA6A}.Release|Any CPU.ActiveCfg = Release|Any CPU
		{B8E314E3-F92C-4904-A353-941D1658FA6A}.Release|Any CPU.Build.0 = Release|Any CPU
	EndGlobalSection
	GlobalSection(SolutionProperties) = preSolution
		HideSolutionNode = FALSE
	EndGlobalSection
	GlobalSection(ExtensibilityGlobals) = postSolution
		SolutionGuid = {C561D212-78C8-49BB-883D-6CA55F3F213D}
	EndGlobalSection
EndGlobal
